// !$*UTF8*$!
{
	archiveVersion = 1;
	classes = {
	};
	objectVersion = 50;
	objects = {

/* Begin PBXBuildFile section */
		B400B9BF26B7F1A30095C25A /* AppDelegate.swift in Sources */ = {isa = PBXBuildFile; fileRef = B400B9BE26B7F1A30095C25A /* AppDelegate.swift */; };
		B400B9C826B7F1A60095C25A /* Assets.xcassets in Resources */ = {isa = PBXBuildFile; fileRef = B400B9C726B7F1A60095C25A /* Assets.xcassets */; };
		B400B9CB26B7F1A60095C25A /* LaunchScreen.storyboard in Resources */ = {isa = PBXBuildFile; fileRef = B400B9C926B7F1A60095C25A /* LaunchScreen.storyboard */; };
		B400B9D626B7F22D0095C25A /* AppCoordinator.swift in Sources */ = {isa = PBXBuildFile; fileRef = B400B9D526B7F22D0095C25A /* AppCoordinator.swift */; };
		B400B9E226B7F2B00095C25A /* TabBarHomeViewController.swift in Sources */ = {isa = PBXBuildFile; fileRef = B400B9E026B7F2B00095C25A /* TabBarHomeViewController.swift */; };
		B400B9E326B7F2B00095C25A /* TabBarHomeViewController.xib in Resources */ = {isa = PBXBuildFile; fileRef = B400B9E126B7F2B00095C25A /* TabBarHomeViewController.xib */; };
		B400B9E626B7F2C00095C25A /* TabBarHomeCoordinator.swift in Sources */ = {isa = PBXBuildFile; fileRef = B400B9E526B7F2C00095C25A /* TabBarHomeCoordinator.swift */; };
		B400B9EA26B7F43E0095C25A /* contacts.json in Resources */ = {isa = PBXBuildFile; fileRef = B400B9E926B7F43E0095C25A /* contacts.json */; };
		B400B9F026B7F6BE0095C25A /* ContactModel.swift in Sources */ = {isa = PBXBuildFile; fileRef = B400B9EF26B7F6BE0095C25A /* ContactModel.swift */; };
		B400B9F426B7FC420095C25A /* LIstaContactosViewController.swift in Sources */ = {isa = PBXBuildFile; fileRef = B400B9F226B7FC420095C25A /* LIstaContactosViewController.swift */; };
		B400B9F526B7FC420095C25A /* LIstaContactosViewController.xib in Resources */ = {isa = PBXBuildFile; fileRef = B400B9F326B7FC420095C25A /* LIstaContactosViewController.xib */; };
		B400B9F826B7FC5B0095C25A /* LIstaContactosCoordinator.swift in Sources */ = {isa = PBXBuildFile; fileRef = B400B9F726B7FC5B0095C25A /* LIstaContactosCoordinator.swift */; };
		B400B9FD26B802150095C25A /* ContactosCell.swift in Sources */ = {isa = PBXBuildFile; fileRef = B400B9FB26B802150095C25A /* ContactosCell.swift */; };
		B400B9FE26B802150095C25A /* ContactosCell.xib in Resources */ = {isa = PBXBuildFile; fileRef = B400B9FC26B802150095C25A /* ContactosCell.xib */; };
		B46B299C26B80EE700A1203A /* DetalleContactoViewController.swift in Sources */ = {isa = PBXBuildFile; fileRef = B46B299A26B80EE700A1203A /* DetalleContactoViewController.swift */; };
		B46B299D26B80EE700A1203A /* DetalleContactoViewController.xib in Resources */ = {isa = PBXBuildFile; fileRef = B46B299B26B80EE700A1203A /* DetalleContactoViewController.xib */; };
		B46B29A026B80EFD00A1203A /* DetalleContactoCoordinator.swift in Sources */ = {isa = PBXBuildFile; fileRef = B46B299F26B80EFD00A1203A /* DetalleContactoCoordinator.swift */; };
		B46B29A426B8126E00A1203A /* ListaContactosPresenter.swift in Sources */ = {isa = PBXBuildFile; fileRef = B46B29A326B8126E00A1203A /* ListaContactosPresenter.swift */; };
		B46B29A726B814F700A1203A /* LIstaContactosRouter.swift in Sources */ = {isa = PBXBuildFile; fileRef = B46B29A626B814F700A1203A /* LIstaContactosRouter.swift */; };
		B46B29AA26B81EE200A1203A /* DetalleContactoPresenter.swift in Sources */ = {isa = PBXBuildFile; fileRef = B46B29A926B81EE200A1203A /* DetalleContactoPresenter.swift */; };
/* End PBXBuildFile section */

/* Begin PBXFileReference section */
		B400B9BB26B7F1A30095C25A /* EverisTask.app */ = {isa = PBXFileReference; explicitFileType = wrapper.application; includeInIndex = 0; path = EverisTask.app; sourceTree = BUILT_PRODUCTS_DIR; };
		B400B9BE26B7F1A30095C25A /* AppDelegate.swift */ = {isa = PBXFileReference; lastKnownFileType = sourcecode.swift; path = AppDelegate.swift; sourceTree = "<group>"; };
		B400B9C726B7F1A60095C25A /* Assets.xcassets */ = {isa = PBXFileReference; lastKnownFileType = folder.assetcatalog; path = Assets.xcassets; sourceTree = "<group>"; };
		B400B9CA26B7F1A60095C25A /* Base */ = {isa = PBXFileReference; lastKnownFileType = file.storyboard; name = Base; path = Base.lproj/LaunchScreen.storyboard; sourceTree = "<group>"; };
		B400B9CC26B7F1A60095C25A /* Info.plist */ = {isa = PBXFileReference; lastKnownFileType = text.plist.xml; path = Info.plist; sourceTree = "<group>"; };
		B400B9D526B7F22D0095C25A /* AppCoordinator.swift */ = {isa = PBXFileReference; fileEncoding = 4; lastKnownFileType = sourcecode.swift; path = AppCoordinator.swift; sourceTree = "<group>"; };
		B400B9E026B7F2B00095C25A /* TabBarHomeViewController.swift */ = {isa = PBXFileReference; lastKnownFileType = sourcecode.swift; path = TabBarHomeViewController.swift; sourceTree = "<group>"; };
		B400B9E126B7F2B00095C25A /* TabBarHomeViewController.xib */ = {isa = PBXFileReference; lastKnownFileType = file.xib; path = TabBarHomeViewController.xib; sourceTree = "<group>"; };
		B400B9E526B7F2C00095C25A /* TabBarHomeCoordinator.swift */ = {isa = PBXFileReference; lastKnownFileType = sourcecode.swift; path = TabBarHomeCoordinator.swift; sourceTree = "<group>"; };
		B400B9E926B7F43E0095C25A /* contacts.json */ = {isa = PBXFileReference; fileEncoding = 4; lastKnownFileType = text.json; path = contacts.json; sourceTree = "<group>"; };
		B400B9EF26B7F6BE0095C25A /* ContactModel.swift */ = {isa = PBXFileReference; lastKnownFileType = sourcecode.swift; path = ContactModel.swift; sourceTree = "<group>"; };
		B400B9F226B7FC420095C25A /* LIstaContactosViewController.swift */ = {isa = PBXFileReference; lastKnownFileType = sourcecode.swift; path = LIstaContactosViewController.swift; sourceTree = "<group>"; };
		B400B9F326B7FC420095C25A /* LIstaContactosViewController.xib */ = {isa = PBXFileReference; lastKnownFileType = file.xib; path = LIstaContactosViewController.xib; sourceTree = "<group>"; };
		B400B9F726B7FC5B0095C25A /* LIstaContactosCoordinator.swift */ = {isa = PBXFileReference; lastKnownFileType = sourcecode.swift; path = LIstaContactosCoordinator.swift; sourceTree = "<group>"; };
		B400B9FB26B802150095C25A /* ContactosCell.swift */ = {isa = PBXFileReference; lastKnownFileType = sourcecode.swift; path = ContactosCell.swift; sourceTree = "<group>"; };
		B400B9FC26B802150095C25A /* ContactosCell.xib */ = {isa = PBXFileReference; lastKnownFileType = file.xib; path = ContactosCell.xib; sourceTree = "<group>"; };
		B46B299A26B80EE700A1203A /* DetalleContactoViewController.swift */ = {isa = PBXFileReference; lastKnownFileType = sourcecode.swift; path = DetalleContactoViewController.swift; sourceTree = "<group>"; };
		B46B299B26B80EE700A1203A /* DetalleContactoViewController.xib */ = {isa = PBXFileReference; lastKnownFileType = file.xib; path = DetalleContactoViewController.xib; sourceTree = "<group>"; };
		B46B299F26B80EFD00A1203A /* DetalleContactoCoordinator.swift */ = {isa = PBXFileReference; lastKnownFileType = sourcecode.swift; path = DetalleContactoCoordinator.swift; sourceTree = "<group>"; };
		B46B29A326B8126E00A1203A /* ListaContactosPresenter.swift */ = {isa = PBXFileReference; lastKnownFileType = sourcecode.swift; path = ListaContactosPresenter.swift; sourceTree = "<group>"; };
		B46B29A626B814F700A1203A /* LIstaContactosRouter.swift */ = {isa = PBXFileReference; lastKnownFileType = sourcecode.swift; path = LIstaContactosRouter.swift; sourceTree = "<group>"; };
		B46B29A926B81EE200A1203A /* DetalleContactoPresenter.swift */ = {isa = PBXFileReference; lastKnownFileType = sourcecode.swift; path = DetalleContactoPresenter.swift; sourceTree = "<group>"; };
/* End PBXFileReference section */

/* Begin PBXFrameworksBuildPhase section */
		B400B9B826B7F1A30095C25A /* Frameworks */ = {
			isa = PBXFrameworksBuildPhase;
			buildActionMask = 2147483647;
			files = (
			);
			runOnlyForDeploymentPostprocessing = 0;
		};
/* End PBXFrameworksBuildPhase section */

/* Begin PBXGroup section */
		B400B9B226B7F1A30095C25A = {
			isa = PBXGroup;
			children = (
				B400B9BD26B7F1A30095C25A /* EverisTask */,
				B400B9BC26B7F1A30095C25A /* Products */,
			);
			sourceTree = "<group>";
		};
		B400B9BC26B7F1A30095C25A /* Products */ = {
			isa = PBXGroup;
			children = (
				B400B9BB26B7F1A30095C25A /* EverisTask.app */,
			);
			name = Products;
			sourceTree = "<group>";
		};
		B400B9BD26B7F1A30095C25A /* EverisTask */ = {
			isa = PBXGroup;
			children = (
				B400B9EE26B7F6AE0095C25A /* Models */,
				B400B9E826B7F4270095C25A /* StubJson */,
				B400B9D826B7F2450095C25A /* Modules */,
				B400B9D426B7F20B0095C25A /* CoreApp */,
				B400B9C726B7F1A60095C25A /* Assets.xcassets */,
				B400B9C926B7F1A60095C25A /* LaunchScreen.storyboard */,
				B400B9CC26B7F1A60095C25A /* Info.plist */,
			);
			path = EverisTask;
			sourceTree = "<group>";
		};
		B400B9D426B7F20B0095C25A /* CoreApp */ = {
			isa = PBXGroup;
			children = (
				B400B9BE26B7F1A30095C25A /* AppDelegate.swift */,
				B400B9D526B7F22D0095C25A /* AppCoordinator.swift */,
			);
			path = CoreApp;
			sourceTree = "<group>";
		};
		B400B9D826B7F2450095C25A /* Modules */ = {
			isa = PBXGroup;
			children = (
				B400B9D926B7F24D0095C25A /* Sections */,
			);
			path = Modules;
			sourceTree = "<group>";
		};
		B400B9D926B7F24D0095C25A /* Sections */ = {
			isa = PBXGroup;
			children = (
				B400B9DE26B7F2810095C25A /* NuevaTarea */,
				B400B9DD26B7F2760095C25A /* ListaTareas */,
				B400B9DC26B7F2670095C25A /* Contactos */,
				B400B9DA26B7F2580095C25A /* TabBarHome */,
			);
			path = Sections;
			sourceTree = "<group>";
		};
		B400B9DA26B7F2580095C25A /* TabBarHome */ = {
			isa = PBXGroup;
			children = (
				B400B9E026B7F2B00095C25A /* TabBarHomeViewController.swift */,
				B400B9E126B7F2B00095C25A /* TabBarHomeViewController.xib */,
				B400B9E526B7F2C00095C25A /* TabBarHomeCoordinator.swift */,
			);
			path = TabBarHome;
			sourceTree = "<group>";
		};
		B400B9DC26B7F2670095C25A /* Contactos */ = {
			isa = PBXGroup;
			children = (
				B400B9FA26B801FD0095C25A /* Cell */,
				B400B9F226B7FC420095C25A /* LIstaContactosViewController.swift */,
				B400B9F326B7FC420095C25A /* LIstaContactosViewController.xib */,
				B46B29A326B8126E00A1203A /* ListaContactosPresenter.swift */,
				B46B29A626B814F700A1203A /* LIstaContactosRouter.swift */,
				B400B9F726B7FC5B0095C25A /* LIstaContactosCoordinator.swift */,
				B46B29A226B8122000A1203A /* DetalleContacto */,
			);
			path = Contactos;
			sourceTree = "<group>";
		};
		B400B9DD26B7F2760095C25A /* ListaTareas */ = {
			isa = PBXGroup;
			children = (
			);
			path = ListaTareas;
			sourceTree = "<group>";
		};
		B400B9DE26B7F2810095C25A /* NuevaTarea */ = {
			isa = PBXGroup;
			children = (
			);
			path = NuevaTarea;
			sourceTree = "<group>";
		};
		B400B9E826B7F4270095C25A /* StubJson */ = {
			isa = PBXGroup;
			children = (
				B400B9E926B7F43E0095C25A /* contacts.json */,
			);
			path = StubJson;
			sourceTree = "<group>";
		};
		B400B9EE26B7F6AE0095C25A /* Models */ = {
			isa = PBXGroup;
			children = (
				B400B9EF26B7F6BE0095C25A /* ContactModel.swift */,
			);
			path = Models;
			sourceTree = "<group>";
		};
		B400B9FA26B801FD0095C25A /* Cell */ = {
			isa = PBXGroup;
			children = (
				B400B9FB26B802150095C25A /* ContactosCell.swift */,
				B400B9FC26B802150095C25A /* ContactosCell.xib */,
			);
			path = Cell;
			sourceTree = "<group>";
		};
		B46B29A226B8122000A1203A /* DetalleContacto */ = {
			isa = PBXGroup;
			children = (
				B46B299A26B80EE700A1203A /* DetalleContactoViewController.swift */,
				B46B299B26B80EE700A1203A /* DetalleContactoViewController.xib */,
				B46B299F26B80EFD00A1203A /* DetalleContactoCoordinator.swift */,
				B46B29A926B81EE200A1203A /* DetalleContactoPresenter.swift */,
			);
			path = DetalleContacto;
			sourceTree = "<group>";
		};
/* End PBXGroup section */

/* Begin PBXNativeTarget section */
		B400B9BA26B7F1A30095C25A /* EverisTask */ = {
			isa = PBXNativeTarget;
			buildConfigurationList = B400B9CF26B7F1A60095C25A /* Build configuration list for PBXNativeTarget "EverisTask" */;
			buildPhases = (
				B400B9B726B7F1A30095C25A /* Sources */,
				B400B9B826B7F1A30095C25A /* Frameworks */,
				B400B9B926B7F1A30095C25A /* Resources */,
			);
			buildRules = (
			);
			dependencies = (
			);
			name = EverisTask;
			productName = EverisTask;
			productReference = B400B9BB26B7F1A30095C25A /* EverisTask.app */;
			productType = "com.apple.product-type.application";
		};
/* End PBXNativeTarget section */

/* Begin PBXProject section */
		B400B9B326B7F1A30095C25A /* Project object */ = {
			isa = PBXProject;
			attributes = {
				LastSwiftUpdateCheck = 1240;
				LastUpgradeCheck = 1240;
				TargetAttributes = {
					B400B9BA26B7F1A30095C25A = {
						CreatedOnToolsVersion = 12.4;
					};
				};
			};
			buildConfigurationList = B400B9B626B7F1A30095C25A /* Build configuration list for PBXProject "EverisTask" */;
			compatibilityVersion = "Xcode 9.3";
			developmentRegion = en;
			hasScannedForEncodings = 0;
			knownRegions = (
				en,
				Base,
			);
			mainGroup = B400B9B226B7F1A30095C25A;
			productRefGroup = B400B9BC26B7F1A30095C25A /* Products */;
			projectDirPath = "";
			projectRoot = "";
			targets = (
				B400B9BA26B7F1A30095C25A /* EverisTask */,
			);
		};
/* End PBXProject section */

/* Begin PBXResourcesBuildPhase section */
		B400B9B926B7F1A30095C25A /* Resources */ = {
			isa = PBXResourcesBuildPhase;
			buildActionMask = 2147483647;
			files = (
				B400B9EA26B7F43E0095C25A /* contacts.json in Resources */,
				B400B9CB26B7F1A60095C25A /* LaunchScreen.storyboard in Resources */,
				B400B9FE26B802150095C25A /* ContactosCell.xib in Resources */,
				B400B9F526B7FC420095C25A /* LIstaContactosViewController.xib in Resources */,
				B400B9E326B7F2B00095C25A /* TabBarHomeViewController.xib in Resources */,
				B400B9C826B7F1A60095C25A /* Assets.xcassets in Resources */,
				B46B299D26B80EE700A1203A /* DetalleContactoViewController.xib in Resources */,
			);
			runOnlyForDeploymentPostprocessing = 0;
		};
/* End PBXResourcesBuildPhase section */

/* Begin PBXSourcesBuildPhase section */
		B400B9B726B7F1A30095C25A /* Sources */ = {
			isa = PBXSourcesBuildPhase;
			buildActionMask = 2147483647;
			files = (
				B46B29A026B80EFD00A1203A /* DetalleContactoCoordinator.swift in Sources */,
				B46B29A726B814F700A1203A /* LIstaContactosRouter.swift in Sources */,
				B46B29AA26B81EE200A1203A /* DetalleContactoPresenter.swift in Sources */,
				B400B9D626B7F22D0095C25A /* AppCoordinator.swift in Sources */,
				B400B9BF26B7F1A30095C25A /* AppDelegate.swift in Sources */,
				B400B9E226B7F2B00095C25A /* TabBarHomeViewController.swift in Sources */,
				B400B9F826B7FC5B0095C25A /* LIstaContactosCoordinator.swift in Sources */,
				B400B9FD26B802150095C25A /* ContactosCell.swift in Sources */,
				B400B9F026B7F6BE0095C25A /* ContactModel.swift in Sources */,
				B46B29A426B8126E00A1203A /* ListaContactosPresenter.swift in Sources */,
				B400B9E626B7F2C00095C25A /* TabBarHomeCoordinator.swift in Sources */,
				B400B9F426B7FC420095C25A /* LIstaContactosViewController.swift in Sources */,
				B46B299C26B80EE700A1203A /* DetalleContactoViewController.swift in Sources */,
			);
			runOnlyForDeploymentPostprocessing = 0;
		};
/* End PBXSourcesBuildPhase section */

/* Begin PBXVariantGroup section */
		B400B9C926B7F1A60095C25A /* LaunchScreen.storyboard */ = {
			isa = PBXVariantGroup;
			children = (
				B400B9CA26B7F1A60095C25A /* Base */,
			);
			name = LaunchScreen.storyboard;
			sourceTree = "<group>";
		};
/* End PBXVariantGroup section */

/* Begin XCBuildConfiguration section */
		B400B9CD26B7F1A60095C25A /* Debug */ = {
			isa = XCBuildConfiguration;
			buildSettings = {
				ALWAYS_SEARCH_USER_PATHS = NO;
				CLANG_ANALYZER_NONNULL = YES;
				CLANG_ANALYZER_NUMBER_OBJECT_CONVERSION = YES_AGGRESSIVE;
				CLANG_CXX_LANGUAGE_STANDARD = "gnu++14";
				CLANG_CXX_LIBRARY = "libc++";
				CLANG_ENABLE_MODULES = YES;
				CLANG_ENABLE_OBJC_ARC = YES;
				CLANG_ENABLE_OBJC_WEAK = YES;
				CLANG_WARN_BLOCK_CAPTURE_AUTORELEASING = YES;
				CLANG_WARN_BOOL_CONVERSION = YES;
				CLANG_WARN_COMMA = YES;
				CLANG_WARN_CONSTANT_CONVERSION = YES;
				CLANG_WARN_DEPRECATED_OBJC_IMPLEMENTATIONS = YES;
				CLANG_WARN_DIRECT_OBJC_ISA_USAGE = YES_ERROR;
				CLANG_WARN_DOCUMENTATION_COMMENTS = YES;
				CLANG_WARN_EMPTY_BODY = YES;
				CLANG_WARN_ENUM_CONVERSION = YES;
				CLANG_WARN_INFINITE_RECURSION = YES;
				CLANG_WARN_INT_CONVERSION = YES;
				CLANG_WARN_NON_LITERAL_NULL_CONVERSION = YES;
				CLANG_WARN_OBJC_IMPLICIT_RETAIN_SELF = YES;
				CLANG_WARN_OBJC_LITERAL_CONVERSION = YES;
				CLANG_WARN_OBJC_ROOT_CLASS = YES_ERROR;
				CLANG_WARN_QUOTED_INCLUDE_IN_FRAMEWORK_HEADER = YES;
				CLANG_WARN_RANGE_LOOP_ANALYSIS = YES;
				CLANG_WARN_STRICT_PROTOTYPES = YES;
				CLANG_WARN_SUSPICIOUS_MOVE = YES;
				CLANG_WARN_UNGUARDED_AVAILABILITY = YES_AGGRESSIVE;
				CLANG_WARN_UNREACHABLE_CODE = YES;
				CLANG_WARN__DUPLICATE_METHOD_MATCH = YES;
				COPY_PHASE_STRIP = NO;
				DEBUG_INFORMATION_FORMAT = dwarf;
				ENABLE_STRICT_OBJC_MSGSEND = YES;
				ENABLE_TESTABILITY = YES;
				GCC_C_LANGUAGE_STANDARD = gnu11;
				GCC_DYNAMIC_NO_PIC = NO;
				GCC_NO_COMMON_BLOCKS = YES;
				GCC_OPTIMIZATION_LEVEL = 0;
				GCC_PREPROCESSOR_DEFINITIONS = (
					"DEBUG=1",
					"$(inherited)",
				);
				GCC_WARN_64_TO_32_BIT_CONVERSION = YES;
				GCC_WARN_ABOUT_RETURN_TYPE = YES_ERROR;
				GCC_WARN_UNDECLARED_SELECTOR = YES;
				GCC_WARN_UNINITIALIZED_AUTOS = YES_AGGRESSIVE;
				GCC_WARN_UNUSED_FUNCTION = YES;
				GCC_WARN_UNUSED_VARIABLE = YES;
				IPHONEOS_DEPLOYMENT_TARGET = 14.4;
				MTL_ENABLE_DEBUG_INFO = INCLUDE_SOURCE;
				MTL_FAST_MATH = YES;
				ONLY_ACTIVE_ARCH = YES;
				SDKROOT = iphoneos;
				SWIFT_ACTIVE_COMPILATION_CONDITIONS = DEBUG;
				SWIFT_OPTIMIZATION_LEVEL = "-Onone";
			};
			name = Debug;
		};
		B400B9CE26B7F1A60095C25A /* Release */ = {
			isa = XCBuildConfiguration;
			buildSettings = {
				ALWAYS_SEARCH_USER_PATHS = NO;
				CLANG_ANALYZER_NONNULL = YES;
				CLANG_ANALYZER_NUMBER_OBJECT_CONVERSION = YES_AGGRESSIVE;
				CLANG_CXX_LANGUAGE_STANDARD = "gnu++14";
				CLANG_CXX_LIBRARY = "libc++";
				CLANG_ENABLE_MODULES = YES;
				CLANG_ENABLE_OBJC_ARC = YES;
				CLANG_ENABLE_OBJC_WEAK = YES;
				CLANG_WARN_BLOCK_CAPTURE_AUTORELEASING = YES;
				CLANG_WARN_BOOL_CONVERSION = YES;
				CLANG_WARN_COMMA = YES;
				CLANG_WARN_CONSTANT_CONVERSION = YES;
				CLANG_WARN_DEPRECATED_OBJC_IMPLEMENTATIONS = YES;
				CLANG_WARN_DIRECT_OBJC_ISA_USAGE = YES_ERROR;
				CLANG_WARN_DOCUMENTATION_COMMENTS = YES;
				CLANG_WARN_EMPTY_BODY = YES;
				CLANG_WARN_ENUM_CONVERSION = YES;
				CLANG_WARN_INFINITE_RECURSION = YES;
				CLANG_WARN_INT_CONVERSION = YES;
				CLANG_WARN_NON_LITERAL_NULL_CONVERSION = YES;
				CLANG_WARN_OBJC_IMPLICIT_RETAIN_SELF = YES;
				CLANG_WARN_OBJC_LITERAL_CONVERSION = YES;
				CLANG_WARN_OBJC_ROOT_CLASS = YES_ERROR;
				CLANG_WARN_QUOTED_INCLUDE_IN_FRAMEWORK_HEADER = YES;
				CLANG_WARN_RANGE_LOOP_ANALYSIS = YES;
				CLANG_WARN_STRICT_PROTOTYPES = YES;
				CLANG_WARN_SUSPICIOUS_MOVE = YES;
				CLANG_WARN_UNGUARDED_AVAILABILITY = YES_AGGRESSIVE;
				CLANG_WARN_UNREACHABLE_CODE = YES;
				CLANG_WARN__DUPLICATE_METHOD_MATCH = YES;
				COPY_PHASE_STRIP = NO;
				DEBUG_INFORMATION_FORMAT = "dwarf-with-dsym";
				ENABLE_NS_ASSERTIONS = NO;
				ENABLE_STRICT_OBJC_MSGSEND = YES;
				GCC_C_LANGUAGE_STANDARD = gnu11;
				GCC_NO_COMMON_BLOCKS = YES;
				GCC_WARN_64_TO_32_BIT_CONVERSION = YES;
				GCC_WARN_ABOUT_RETURN_TYPE = YES_ERROR;
				GCC_WARN_UNDECLARED_SELECTOR = YES;
				GCC_WARN_UNINITIALIZED_AUTOS = YES_AGGRESSIVE;
				GCC_WARN_UNUSED_FUNCTION = YES;
				GCC_WARN_UNUSED_VARIABLE = YES;
				IPHONEOS_DEPLOYMENT_TARGET = 14.4;
				MTL_ENABLE_DEBUG_INFO = NO;
				MTL_FAST_MATH = YES;
				SDKROOT = iphoneos;
				SWIFT_COMPILATION_MODE = wholemodule;
				SWIFT_OPTIMIZATION_LEVEL = "-O";
				VALIDATE_PRODUCT = YES;
			};
			name = Release;
		};
		B400B9D026B7F1A60095C25A /* Debug */ = {
			isa = XCBuildConfiguration;
			buildSettings = {
				ASSETCATALOG_COMPILER_APPICON_NAME = AppIcon;
				ASSETCATALOG_COMPILER_GLOBAL_ACCENT_COLOR_NAME = AccentColor;
				CODE_SIGN_STYLE = Automatic;
				DEVELOPMENT_TEAM = 2C7W4RF846;
				INFOPLIST_FILE = EverisTask/Info.plist;
				LD_RUNPATH_SEARCH_PATHS = (
					"$(inherited)",
					"@executable_path/Frameworks",
				);
				PRODUCT_BUNDLE_IDENTIFIER = com.icologic.iOS.EverisTask;
				PRODUCT_NAME = "$(TARGET_NAME)";
				SWIFT_VERSION = 5.0;
				TARGETED_DEVICE_FAMILY = 1;
			};
			name = Debug;
		};
		B400B9D126B7F1A60095C25A /* Release */ = {
			isa = XCBuildConfiguration;
			buildSettings = {
				ASSETCATALOG_COMPILER_APPICON_NAME = AppIcon;
				ASSETCATALOG_COMPILER_GLOBAL_ACCENT_COLOR_NAME = AccentColor;
				CODE_SIGN_STYLE = Automatic;
				DEVELOPMENT_TEAM = 2C7W4RF846;
				INFOPLIST_FILE = EverisTask/Info.plist;
				LD_RUNPATH_SEARCH_PATHS = (
					"$(inherited)",
					"@executable_path/Frameworks",
				);
				PRODUCT_BUNDLE_IDENTIFIER = com.icologic.iOS.EverisTask;
				PRODUCT_NAME = "$(TARGET_NAME)";
				SWIFT_VERSION = 5.0;
				TARGETED_DEVICE_FAMILY = 1;
			};
			name = Release;
		};
/* End XCBuildConfiguration section */

/* Begin XCConfigurationList section */
		B400B9B626B7F1A30095C25A /* Build configuration list for PBXProject "EverisTask" */ = {
			isa = XCConfigurationList;
			buildConfigurations = (
				B400B9CD26B7F1A60095C25A /* Debug */,
				B400B9CE26B7F1A60095C25A /* Release */,
			);
			defaultConfigurationIsVisible = 0;
			defaultConfigurationName = Release;
		};
		B400B9CF26B7F1A60095C25A /* Build configuration list for PBXNativeTarget "EverisTask" */ = {
			isa = XCConfigurationList;
			buildConfigurations = (
				B400B9D026B7F1A60095C25A /* Debug */,
				B400B9D126B7F1A60095C25A /* Release */,
			);
			defaultConfigurationIsVisible = 0;
			defaultConfigurationName = Release;
		};
/* End XCConfigurationList section */
	};
	rootObject = B400B9B326B7F1A30095C25A /* Project object */;
}
