// !$*UTF8*$!
{
	archiveVersion = 1;
	classes = {
	};
	objectVersion = 50;
	objects = {

/* Begin PBXBuildFile section */
		B400B98C26B7C6680095C25A /* AppDelegate.swift in Sources */ = {isa = PBXBuildFile; fileRef = B400B98B26B7C6680095C25A /* AppDelegate.swift */; };
		B400B99526B7C6690095C25A /* Assets.xcassets in Resources */ = {isa = PBXBuildFile; fileRef = B400B99426B7C6690095C25A /* Assets.xcassets */; };
		B400B99826B7C6690095C25A /* LaunchScreen.storyboard in Resources */ = {isa = PBXBuildFile; fileRef = B400B99626B7C6690095C25A /* LaunchScreen.storyboard */; };
		B400B9A526B7C6A10095C25A /* AppCoordinator.swift in Sources */ = {isa = PBXBuildFile; fileRef = B400B9A426B7C6A10095C25A /* AppCoordinator.swift */; };
		B400B9AB26B7C7B00095C25A /* UserDefaultViewController.swift in Sources */ = {isa = PBXBuildFile; fileRef = B400B9A926B7C7B00095C25A /* UserDefaultViewController.swift */; };
		B400B9AC26B7C7B00095C25A /* UserDefaultViewController.xib in Resources */ = {isa = PBXBuildFile; fileRef = B400B9AA26B7C7B00095C25A /* UserDefaultViewController.xib */; };
		B400B9B026B7C7D20095C25A /* UserDefaultViewCoordinator.swift in Sources */ = {isa = PBXBuildFile; fileRef = B400B9AF26B7C7D20095C25A /* UserDefaultViewCoordinator.swift */; };
/* End PBXBuildFile section */

/* Begin PBXFileReference section */
		B400B98826B7C6680095C25A /* AppUserdefaultIntro.app */ = {isa = PBXFileReference; explicitFileType = wrapper.application; includeInIndex = 0; path = AppUserdefaultIntro.app; sourceTree = BUILT_PRODUCTS_DIR; };
		B400B98B26B7C6680095C25A /* AppDelegate.swift */ = {isa = PBXFileReference; lastKnownFileType = sourcecode.swift; path = AppDelegate.swift; sourceTree = "<group>"; };
		B400B99426B7C6690095C25A /* Assets.xcassets */ = {isa = PBXFileReference; lastKnownFileType = folder.assetcatalog; path = Assets.xcassets; sourceTree = "<group>"; };
		B400B99726B7C6690095C25A /* Base */ = {isa = PBXFileReference; lastKnownFileType = file.storyboard; name = Base; path = Base.lproj/LaunchScreen.storyboard; sourceTree = "<group>"; };
		B400B99926B7C6690095C25A /* Info.plist */ = {isa = PBXFileReference; lastKnownFileType = text.plist.xml; path = Info.plist; sourceTree = "<group>"; };
		B400B9A426B7C6A10095C25A /* AppCoordinator.swift */ = {isa = PBXFileReference; lastKnownFileType = sourcecode.swift; path = AppCoordinator.swift; sourceTree = "<group>"; };
		B400B9A926B7C7B00095C25A /* UserDefaultViewController.swift */ = {isa = PBXFileReference; lastKnownFileType = sourcecode.swift; path = UserDefaultViewController.swift; sourceTree = "<group>"; };
		B400B9AA26B7C7B00095C25A /* UserDefaultViewController.xib */ = {isa = PBXFileReference; lastKnownFileType = file.xib; path = UserDefaultViewController.xib; sourceTree = "<group>"; };
		B400B9AF26B7C7D20095C25A /* UserDefaultViewCoordinator.swift */ = {isa = PBXFileReference; lastKnownFileType = sourcecode.swift; path = UserDefaultViewCoordinator.swift; sourceTree = "<group>"; };
/* End PBXFileReference section */

/* Begin PBXFrameworksBuildPhase section */
		B400B98526B7C6680095C25A /* Frameworks */ = {
			isa = PBXFrameworksBuildPhase;
			buildActionMask = 2147483647;
			files = (
			);
			runOnlyForDeploymentPostprocessing = 0;
		};
/* End PBXFrameworksBuildPhase section */

/* Begin PBXGroup section */
		B400B97F26B7C6680095C25A = {
			isa = PBXGroup;
			children = (
				B400B98A26B7C6680095C25A /* AppUserdefaultIntro */,
				B400B98926B7C6680095C25A /* Products */,
			);
			sourceTree = "<group>";
		};
		B400B98926B7C6680095C25A /* Products */ = {
			isa = PBXGroup;
			children = (
				B400B98826B7C6680095C25A /* AppUserdefaultIntro.app */,
			);
			name = Products;
			sourceTree = "<group>";
		};
		B400B98A26B7C6680095C25A /* AppUserdefaultIntro */ = {
			isa = PBXGroup;
			children = (
				B400B9A726B7C7910095C25A /* Modules */,
				B400B9A326B7C68F0095C25A /* CoreApp */,
				B400B99426B7C6690095C25A /* Assets.xcassets */,
				B400B99626B7C6690095C25A /* LaunchScreen.storyboard */,
				B400B99926B7C6690095C25A /* Info.plist */,
			);
			path = AppUserdefaultIntro;
			sourceTree = "<group>";
		};
		B400B9A326B7C68F0095C25A /* CoreApp */ = {
			isa = PBXGroup;
			children = (
				B400B98B26B7C6680095C25A /* AppDelegate.swift */,
				B400B9A426B7C6A10095C25A /* AppCoordinator.swift */,
			);
			path = CoreApp;
			sourceTree = "<group>";
		};
		B400B9A726B7C7910095C25A /* Modules */ = {
			isa = PBXGroup;
			children = (
				B400B9A826B7C79B0095C25A /* Sections */,
			);
			path = Modules;
			sourceTree = "<group>";
		};
		B400B9A826B7C79B0095C25A /* Sections */ = {
			isa = PBXGroup;
			children = (
				B400B9A926B7C7B00095C25A /* UserDefaultViewController.swift */,
				B400B9AA26B7C7B00095C25A /* UserDefaultViewController.xib */,
				B400B9AF26B7C7D20095C25A /* UserDefaultViewCoordinator.swift */,
			);
			path = Sections;
			sourceTree = "<group>";
		};
/* End PBXGroup section */

/* Begin PBXNativeTarget section */
		B400B98726B7C6680095C25A /* AppUserdefaultIntro */ = {
			isa = PBXNativeTarget;
			buildConfigurationList = B400B99C26B7C6690095C25A /* Build configuration list for PBXNativeTarget "AppUserdefaultIntro" */;
			buildPhases = (
				B400B98426B7C6680095C25A /* Sources */,
				B400B98526B7C6680095C25A /* Frameworks */,
				B400B98626B7C6680095C25A /* Resources */,
			);
			buildRules = (
			);
			dependencies = (
			);
			name = AppUserdefaultIntro;
			productName = AppUserdefaultIntro;
			productReference = B400B98826B7C6680095C25A /* AppUserdefaultIntro.app */;
			productType = "com.apple.product-type.application";
		};
/* End PBXNativeTarget section */

/* Begin PBXProject section */
		B400B98026B7C6680095C25A /* Project object */ = {
			isa = PBXProject;
			attributes = {
				LastSwiftUpdateCheck = 1240;
				LastUpgradeCheck = 1240;
				TargetAttributes = {
					B400B98726B7C6680095C25A = {
						CreatedOnToolsVersion = 12.4;
					};
				};
			};
			buildConfigurationList = B400B98326B7C6680095C25A /* Build configuration list for PBXProject "AppUserdefaultIntro" */;
			compatibilityVersion = "Xcode 9.3";
			developmentRegion = en;
			hasScannedForEncodings = 0;
			knownRegions = (
				en,
				Base,
			);
			mainGroup = B400B97F26B7C6680095C25A;
			productRefGroup = B400B98926B7C6680095C25A /* Products */;
			projectDirPath = "";
			projectRoot = "";
			targets = (
				B400B98726B7C6680095C25A /* AppUserdefaultIntro */,
			);
		};
/* End PBXProject section */

/* Begin PBXResourcesBuildPhase section */
		B400B98626B7C6680095C25A /* Resources */ = {
			isa = PBXResourcesBuildPhase;
			buildActionMask = 2147483647;
			files = (
				B400B99826B7C6690095C25A /* LaunchScreen.storyboard in Resources */,
				B400B9AC26B7C7B00095C25A /* UserDefaultViewController.xib in Resources */,
				B400B99526B7C6690095C25A /* Assets.xcassets in Resources */,
			);
			runOnlyForDeploymentPostprocessing = 0;
		};
/* End PBXResourcesBuildPhase section */

/* Begin PBXSourcesBuildPhase section */
		B400B98426B7C6680095C25A /* Sources */ = {
			isa = PBXSourcesBuildPhase;
			buildActionMask = 2147483647;
			files = (
				B400B9B026B7C7D20095C25A /* UserDefaultViewCoordinator.swift in Sources */,
				B400B9A526B7C6A10095C25A /* AppCoordinator.swift in Sources */,
				B400B9AB26B7C7B00095C25A /* UserDefaultViewController.swift in Sources */,
				B400B98C26B7C6680095C25A /* AppDelegate.swift in Sources */,
			);
			runOnlyForDeploymentPostprocessing = 0;
		};
/* End PBXSourcesBuildPhase section */

/* Begin PBXVariantGroup section */
		B400B99626B7C6690095C25A /* LaunchScreen.storyboard */ = {
			isa = PBXVariantGroup;
			children = (
				B400B99726B7C6690095C25A /* Base */,
			);
			name = LaunchScreen.storyboard;
			sourceTree = "<group>";
		};
/* End PBXVariantGroup section */

/* Begin XCBuildConfiguration section */
		B400B99A26B7C6690095C25A /* Debug */ = {
			isa = XCBuildConfiguration;
			buildSettings = {
				ALWAYS_SEARCH_USER_PATHS = NO;
				CLANG_ANALYZER_NONNULL = YES;
				CLANG_ANALYZER_NUMBER_OBJECT_CONVERSION = YES_AGGRESSIVE;
				CLANG_CXX_LANGUAGE_STANDARD = "gnu++14";
				CLANG_CXX_LIBRARY = "libc++";
				CLANG_ENABLE_MODULES = YES;
				CLANG_ENABLE_OBJC_ARC = YES;
				CLANG_ENABLE_OBJC_WEAK = YES;
				CLANG_WARN_BLOCK_CAPTURE_AUTORELEASING = YES;
				CLANG_WARN_BOOL_CONVERSION = YES;
				CLANG_WARN_COMMA = YES;
				CLANG_WARN_CONSTANT_CONVERSION = YES;
				CLANG_WARN_DEPRECATED_OBJC_IMPLEMENTATIONS = YES;
				CLANG_WARN_DIRECT_OBJC_ISA_USAGE = YES_ERROR;
				CLANG_WARN_DOCUMENTATION_COMMENTS = YES;
				CLANG_WARN_EMPTY_BODY = YES;
				CLANG_WARN_ENUM_CONVERSION = YES;
				CLANG_WARN_INFINITE_RECURSION = YES;
				CLANG_WARN_INT_CONVERSION = YES;
				CLANG_WARN_NON_LITERAL_NULL_CONVERSION = YES;
				CLANG_WARN_OBJC_IMPLICIT_RETAIN_SELF = YES;
				CLANG_WARN_OBJC_LITERAL_CONVERSION = YES;
				CLANG_WARN_OBJC_ROOT_CLASS = YES_ERROR;
				CLANG_WARN_QUOTED_INCLUDE_IN_FRAMEWORK_HEADER = YES;
				CLANG_WARN_RANGE_LOOP_ANALYSIS = YES;
				CLANG_WARN_STRICT_PROTOTYPES = YES;
				CLANG_WARN_SUSPICIOUS_MOVE = YES;
				CLANG_WARN_UNGUARDED_AVAILABILITY = YES_AGGRESSIVE;
				CLANG_WARN_UNREACHABLE_CODE = YES;
				CLANG_WARN__DUPLICATE_METHOD_MATCH = YES;
				COPY_PHASE_STRIP = NO;
				DEBUG_INFORMATION_FORMAT = dwarf;
				ENABLE_STRICT_OBJC_MSGSEND = YES;
				ENABLE_TESTABILITY = YES;
				GCC_C_LANGUAGE_STANDARD = gnu11;
				GCC_DYNAMIC_NO_PIC = NO;
				GCC_NO_COMMON_BLOCKS = YES;
				GCC_OPTIMIZATION_LEVEL = 0;
				GCC_PREPROCESSOR_DEFINITIONS = (
					"DEBUG=1",
					"$(inherited)",
				);
				GCC_WARN_64_TO_32_BIT_CONVERSION = YES;
				GCC_WARN_ABOUT_RETURN_TYPE = YES_ERROR;
				GCC_WARN_UNDECLARED_SELECTOR = YES;
				GCC_WARN_UNINITIALIZED_AUTOS = YES_AGGRESSIVE;
				GCC_WARN_UNUSED_FUNCTION = YES;
				GCC_WARN_UNUSED_VARIABLE = YES;
				IPHONEOS_DEPLOYMENT_TARGET = 14.4;
				MTL_ENABLE_DEBUG_INFO = INCLUDE_SOURCE;
				MTL_FAST_MATH = YES;
				ONLY_ACTIVE_ARCH = YES;
				SDKROOT = iphoneos;
				SWIFT_ACTIVE_COMPILATION_CONDITIONS = DEBUG;
				SWIFT_OPTIMIZATION_LEVEL = "-Onone";
			};
			name = Debug;
		};
		B400B99B26B7C6690095C25A /* Release */ = {
			isa = XCBuildConfiguration;
			buildSettings = {
				ALWAYS_SEARCH_USER_PATHS = NO;
				CLANG_ANALYZER_NONNULL = YES;
				CLANG_ANALYZER_NUMBER_OBJECT_CONVERSION = YES_AGGRESSIVE;
				CLANG_CXX_LANGUAGE_STANDARD = "gnu++14";
				CLANG_CXX_LIBRARY = "libc++";
				CLANG_ENABLE_MODULES = YES;
				CLANG_ENABLE_OBJC_ARC = YES;
				CLANG_ENABLE_OBJC_WEAK = YES;
				CLANG_WARN_BLOCK_CAPTURE_AUTORELEASING = YES;
				CLANG_WARN_BOOL_CONVERSION = YES;
				CLANG_WARN_COMMA = YES;
				CLANG_WARN_CONSTANT_CONVERSION = YES;
				CLANG_WARN_DEPRECATED_OBJC_IMPLEMENTATIONS = YES;
				CLANG_WARN_DIRECT_OBJC_ISA_USAGE = YES_ERROR;
				CLANG_WARN_DOCUMENTATION_COMMENTS = YES;
				CLANG_WARN_EMPTY_BODY = YES;
				CLANG_WARN_ENUM_CONVERSION = YES;
				CLANG_WARN_INFINITE_RECURSION = YES;
				CLANG_WARN_INT_CONVERSION = YES;
				CLANG_WARN_NON_LITERAL_NULL_CONVERSION = YES;
				CLANG_WARN_OBJC_IMPLICIT_RETAIN_SELF = YES;
				CLANG_WARN_OBJC_LITERAL_CONVERSION = YES;
				CLANG_WARN_OBJC_ROOT_CLASS = YES_ERROR;
				CLANG_WARN_QUOTED_INCLUDE_IN_FRAMEWORK_HEADER = YES;
				CLANG_WARN_RANGE_LOOP_ANALYSIS = YES;
				CLANG_WARN_STRICT_PROTOTYPES = YES;
				CLANG_WARN_SUSPICIOUS_MOVE = YES;
				CLANG_WARN_UNGUARDED_AVAILABILITY = YES_AGGRESSIVE;
				CLANG_WARN_UNREACHABLE_CODE = YES;
				CLANG_WARN__DUPLICATE_METHOD_MATCH = YES;
				COPY_PHASE_STRIP = NO;
				DEBUG_INFORMATION_FORMAT = "dwarf-with-dsym";
				ENABLE_NS_ASSERTIONS = NO;
				ENABLE_STRICT_OBJC_MSGSEND = YES;
				GCC_C_LANGUAGE_STANDARD = gnu11;
				GCC_NO_COMMON_BLOCKS = YES;
				GCC_WARN_64_TO_32_BIT_CONVERSION = YES;
				GCC_WARN_ABOUT_RETURN_TYPE = YES_ERROR;
				GCC_WARN_UNDECLARED_SELECTOR = YES;
				GCC_WARN_UNINITIALIZED_AUTOS = YES_AGGRESSIVE;
				GCC_WARN_UNUSED_FUNCTION = YES;
				GCC_WARN_UNUSED_VARIABLE = YES;
				IPHONEOS_DEPLOYMENT_TARGET = 14.4;
				MTL_ENABLE_DEBUG_INFO = NO;
				MTL_FAST_MATH = YES;
				SDKROOT = iphoneos;
				SWIFT_COMPILATION_MODE = wholemodule;
				SWIFT_OPTIMIZATION_LEVEL = "-O";
				VALIDATE_PRODUCT = YES;
			};
			name = Release;
		};
		B400B99D26B7C6690095C25A /* Debug */ = {
			isa = XCBuildConfiguration;
			buildSettings = {
				ASSETCATALOG_COMPILER_APPICON_NAME = AppIcon;
				ASSETCATALOG_COMPILER_GLOBAL_ACCENT_COLOR_NAME = AccentColor;
				CODE_SIGN_STYLE = Automatic;
				DEVELOPMENT_TEAM = 2C7W4RF846;
				INFOPLIST_FILE = AppUserdefaultIntro/Info.plist;
				LD_RUNPATH_SEARCH_PATHS = (
					"$(inherited)",
					"@executable_path/Frameworks",
				);
				PRODUCT_BUNDLE_IDENTIFIER = com.icologic.iOS.AppUserdefaultIntro;
				PRODUCT_NAME = "$(TARGET_NAME)";
				SWIFT_VERSION = 5.0;
				TARGETED_DEVICE_FAMILY = 1;
			};
			name = Debug;
		};
		B400B99E26B7C6690095C25A /* Release */ = {
			isa = XCBuildConfiguration;
			buildSettings = {
				ASSETCATALOG_COMPILER_APPICON_NAME = AppIcon;
				ASSETCATALOG_COMPILER_GLOBAL_ACCENT_COLOR_NAME = AccentColor;
				CODE_SIGN_STYLE = Automatic;
				DEVELOPMENT_TEAM = 2C7W4RF846;
				INFOPLIST_FILE = AppUserdefaultIntro/Info.plist;
				LD_RUNPATH_SEARCH_PATHS = (
					"$(inherited)",
					"@executable_path/Frameworks",
				);
				PRODUCT_BUNDLE_IDENTIFIER = com.icologic.iOS.AppUserdefaultIntro;
				PRODUCT_NAME = "$(TARGET_NAME)";
				SWIFT_VERSION = 5.0;
				TARGETED_DEVICE_FAMILY = 1;
			};
			name = Release;
		};
/* End XCBuildConfiguration section */

/* Begin XCConfigurationList section */
		B400B98326B7C6680095C25A /* Build configuration list for PBXProject "AppUserdefaultIntro" */ = {
			isa = XCConfigurationList;
			buildConfigurations = (
				B400B99A26B7C6690095C25A /* Debug */,
				B400B99B26B7C6690095C25A /* Release */,
			);
			defaultConfigurationIsVisible = 0;
			defaultConfigurationName = Release;
		};
		B400B99C26B7C6690095C25A /* Build configuration list for PBXNativeTarget "AppUserdefaultIntro" */ = {
			isa = XCConfigurationList;
			buildConfigurations = (
				B400B99D26B7C6690095C25A /* Debug */,
				B400B99E26B7C6690095C25A /* Release */,
			);
			defaultConfigurationIsVisible = 0;
			defaultConfigurationName = Release;
		};
/* End XCConfigurationList section */
	};
	rootObject = B400B98026B7C6680095C25A /* Project object */;
}
